
Microsoft Visual Studio Solution File, Format Version 12.00
# Visual Studio Version 16
VisualStudioVersion = 16.0.32901.82
MinimumVisualStudioVersion = 10.0.40219.1
Project("{FAE04EC0-301F-11D3-BF4B-00C04F79EFBC}") = "JsonToExcelConverter", "JsonToExcelConverter.csproj", "{A5A1826E-C46F-4160-AC56-38358C6762F7}"
EndProject
Global
	GlobalSection(SolutionConfigurationPlatforms) = preSolution
		Debug|Any CPU = Debug|Any CPU
		Release|Any CPU = Release|Any CPU
	EndGlobalSection
	GlobalSection(ProjectConfigurationPlatforms) = postSolution
		{A5A1826E-C46F-4160-AC56-38358C6762F7}.Debug|Any CPU.ActiveCfg = Debug|Any CPU
		{A5A1826E-C46F-4160-AC56-38358C6762F7}.Debug|Any CPU.Build.0 = Debug|Any CPU
		{A5A1826E-C46F-4160-AC56-38358C6762F7}.Release|Any CPU.ActiveCfg = Release|Any CPU
		{A5A1826E-C46F-4160-AC56-38358C6762F7}.Release|Any CPU.Build.0 = Release|Any CPU
	EndGlobalSection
	GlobalSection(SolutionProperties) = preSolution
		HideSolutionNode = FALSE
	EndGlobalSection
	GlobalSection(ExtensibilityGlobals) = postSolution
		SolutionGuid = {C1651B26-F3DA-4D8A-9A61-A3054EF4D432}
	EndGlobalSection
EndGlobal
